
Microsoft Visual Studio Solution File, Format Version 12.00
# Visual Studio Version 17
VisualStudioVersion = 17.3.32929.385
MinimumVisualStudioVersion = 10.0.40219.1
Project("{9A19103F-16F7-4668-BE54-9A1E7A4F7556}") = "TestMindBox", "TestMindBox\TestMindBox.csproj", "{65225F6C-8B37-4F6E-BF09-298C83A7279B}"
EndProject
Project("{9A19103F-16F7-4668-BE54-9A1E7A4F7556}") = "MindBoxTest", "MindBoxTest\MindBoxTest.csproj", "{0FE66693-92BF-495A-B4B3-CECACA29D7A5}"
EndProject
Project("{9A19103F-16F7-4668-BE54-9A1E7A4F7556}") = "Benchmark", "Benchmark\Benchmark.csproj", "{51927073-AF3B-4FEF-B822-2ECE038F2B32}"
EndProject
Global
	GlobalSection(SolutionConfigurationPlatforms) = preSolution
		Debug|Any CPU = Debug|Any CPU
		Release|Any CPU = Release|Any CPU
	EndGlobalSection
	GlobalSection(ProjectConfigurationPlatforms) = postSolution
		{65225F6C-8B37-4F6E-BF09-298C83A7279B}.Debug|Any CPU.ActiveCfg = Debug|Any CPU
		{65225F6C-8B37-4F6E-BF09-298C83A7279B}.Debug|Any CPU.Build.0 = Debug|Any CPU
		{65225F6C-8B37-4F6E-BF09-298C83A7279B}.Release|Any CPU.ActiveCfg = Release|Any CPU
		{65225F6C-8B37-4F6E-BF09-298C83A7279B}.Release|Any CPU.Build.0 = Release|Any CPU
		{0FE66693-92BF-495A-B4B3-CECACA29D7A5}.Debug|Any CPU.ActiveCfg = Debug|Any CPU
		{0FE66693-92BF-495A-B4B3-CECACA29D7A5}.Debug|Any CPU.Build.0 = Debug|Any CPU
		{0FE66693-92BF-495A-B4B3-CECACA29D7A5}.Release|Any CPU.ActiveCfg = Release|Any CPU
		{0FE66693-92BF-495A-B4B3-CECACA29D7A5}.Release|Any CPU.Build.0 = Release|Any CPU
		{51927073-AF3B-4FEF-B822-2ECE038F2B32}.Debug|Any CPU.ActiveCfg = Debug|Any CPU
		{51927073-AF3B-4FEF-B822-2ECE038F2B32}.Debug|Any CPU.Build.0 = Debug|Any CPU
		{51927073-AF3B-4FEF-B822-2ECE038F2B32}.Release|Any CPU.ActiveCfg = Release|Any CPU
		{51927073-AF3B-4FEF-B822-2ECE038F2B32}.Release|Any CPU.Build.0 = Release|Any CPU
	EndGlobalSection
	GlobalSection(SolutionProperties) = preSolution
		HideSolutionNode = FALSE
	EndGlobalSection
	GlobalSection(ExtensibilityGlobals) = postSolution
		SolutionGuid = {E9925155-7DE0-452D-87A9-59517EAC4472}
	EndGlobalSection
EndGlobal
